
Microsoft Visual Studio Solution File, Format Version 12.00
# Visual Studio 15
VisualStudioVersion = 15.0.26228.12
MinimumVisualStudioVersion = 10.0.40219.1
Project("{FAE04EC0-301F-11D3-BF4B-00C04F79EFBC}") = "Witchcraft", "Witchcraft\Witchcraft.csproj", "{A16A8954-85B4-4D5F-A8D5-CDF4196862BC}"
EndProject
Project("{FAE04EC0-301F-11D3-BF4B-00C04F79EFBC}") = "Examples", "Examples\Examples.csproj", "{C4303D0A-E5A1-4CEA-9BF7-54A852D7448A}"
EndProject
Global
	GlobalSection(SolutionConfigurationPlatforms) = preSolution
		Debug|Any CPU = Debug|Any CPU
		Release|Any CPU = Release|Any CPU
	EndGlobalSection
	GlobalSection(ProjectConfigurationPlatforms) = postSolution
		{A16A8954-85B4-4D5F-A8D5-CDF4196862BC}.Debug|Any CPU.ActiveCfg = Debug|Any CPU
		{A16A8954-85B4-4D5F-A8D5-CDF4196862BC}.Debug|Any CPU.Build.0 = Debug|Any CPU
		{A16A8954-85B4-4D5F-A8D5-CDF4196862BC}.Release|Any CPU.ActiveCfg = Release|Any CPU
		{A16A8954-85B4-4D5F-A8D5-CDF4196862BC}.Release|Any CPU.Build.0 = Release|Any CPU
		{C4303D0A-E5A1-4CEA-9BF7-54A852D7448A}.Debug|Any CPU.ActiveCfg = Debug|Any CPU
		{C4303D0A-E5A1-4CEA-9BF7-54A852D7448A}.Debug|Any CPU.Build.0 = Debug|Any CPU
		{C4303D0A-E5A1-4CEA-9BF7-54A852D7448A}.Release|Any CPU.ActiveCfg = Release|Any CPU
		{C4303D0A-E5A1-4CEA-9BF7-54A852D7448A}.Release|Any CPU.Build.0 = Release|Any CPU
	EndGlobalSection
	GlobalSection(SolutionProperties) = preSolution
		HideSolutionNode = FALSE
	EndGlobalSection
EndGlobal
